// !$*UTF8*$!
{
	archiveVersion = 1;
	classes = {
	};
	objectVersion = 46;
	objects = {

/* Begin PBXBuildFile section */
		D012D6D415FFCE9C001FF130 /* UIKit.framework in Frameworks */ = {isa = PBXBuildFile; fileRef = D012D6D315FFCE9C001FF130 /* UIKit.framework */; };
		D012D6D615FFCE9C001FF130 /* Foundation.framework in Frameworks */ = {isa = PBXBuildFile; fileRef = D012D6D515FFCE9C001FF130 /* Foundation.framework */; };
		D012D6D815FFCE9C001FF130 /* CoreGraphics.framework in Frameworks */ = {isa = PBXBuildFile; fileRef = D012D6D715FFCE9C001FF130 /* CoreGraphics.framework */; };
		D012D6DE15FFCE9C001FF130 /* InfoPlist.strings in Resources */ = {isa = PBXBuildFile; fileRef = D012D6DC15FFCE9C001FF130 /* InfoPlist.strings */; };
		D012D6E015FFCE9C001FF130 /* main.m in Sources */ = {isa = PBXBuildFile; fileRef = D012D6DF15FFCE9C001FF130 /* main.m */; };
		D012D6E415FFCE9C001FF130 /* AppDelegate.m in Sources */ = {isa = PBXBuildFile; fileRef = D012D6E315FFCE9C001FF130 /* AppDelegate.m */; };
		D012D6FF15FFD031001FF130 /* AblesenWerteTableViewController.m in Sources */ = {isa = PBXBuildFile; fileRef = D012D6EB15FFCEC4001FF130 /* AblesenWerteTableViewController.m */; };
		D012D70015FFD03B001FF130 /* Constants.m in Sources */ = {isa = PBXBuildFile; fileRef = D012D6ED15FFCEC4001FF130 /* Constants.m */; };
		D012D70115FFD041001FF130 /* JSMBadgeLabel.m in Sources */ = {isa = PBXBuildFile; fileRef = D012D6EF15FFCEC4001FF130 /* JSMBadgeLabel.m */; };
		D012D70215FFD04E001FF130 /* JSMBlockActionSheet.m in Sources */ = {isa = PBXBuildFile; fileRef = D012D6F115FFCEC4001FF130 /* JSMBlockActionSheet.m */; };
		D012D70315FFD053001FF130 /* JSMBlockAlertView.m in Sources */ = {isa = PBXBuildFile; fileRef = D012D6F315FFCEC4001FF130 /* JSMBlockAlertView.m */; };
		D012D70415FFD058001FF130 /* JSMCoreDataHelper.m in Sources */ = {isa = PBXBuildFile; fileRef = D012D6F515FFCEC4001FF130 /* JSMCoreDataHelper.m */; };
		D012D70515FFD05D001FF130 /* JSMTableViewController.m in Sources */ = {isa = PBXBuildFile; fileRef = D012D6F715FFCEC4001FF130 /* JSMTableViewController.m */; };
		D012D70615FFD06C001FF130 /* JSMToolbox.m in Sources */ = {isa = PBXBuildFile; fileRef = D012D6F915FFCEC4001FF130 /* JSMToolbox.m */; };
		D012D71415FFD107001FF130 /* Werte.xcdatamodeld in Sources */ = {isa = PBXBuildFile; fileRef = D012D6FD15FFCEC4001FF130 /* Werte.xcdatamodeld */; };
		D012D71A15FFD1A1001FF130 /* CoreData.framework in Frameworks */ = {isa = PBXBuildFile; fileRef = D012D71915FFD1A1001FF130 /* CoreData.framework */; };
		D012D71D15FFD1B5001FF130 /* QuartzCore.framework in Frameworks */ = {isa = PBXBuildFile; fileRef = D012D71C15FFD1B5001FF130 /* QuartzCore.framework */; };
		D012D71E15FFD1D7001FF130 /* Storyboard.storyboard in Resources */ = {isa = PBXBuildFile; fileRef = D012D6FA15FFCEC4001FF130 /* Storyboard.storyboard */; };
		D088702B160116C100011AC7 /* Werte.m in Sources */ = {isa = PBXBuildFile; fileRef = D088702A160116C100011AC7 /* Werte.m */; };
		D09BCB711607B600002520A8 /* AblesenWerteStaticTableViewController.m in Sources */ = {isa = PBXBuildFile; fileRef = D09BCB701607B600002520A8 /* AblesenWerteStaticTableViewController.m */; };
		D0A203B5160A6057009FF687 /* Settings.bundle in Resources */ = {isa = PBXBuildFile; fileRef = D0A203B4160A6057009FF687 /* Settings.bundle */; };
		D0AB5FCB1608FF48006E24E3 /* 19-gear.png in Resources */ = {isa = PBXBuildFile; fileRef = D0AB5FCA1608FF48006E24E3 /* 19-gear.png */; };
		D0AB5FCF1609004C006E24E3 /* 179-notepad.png in Resources */ = {isa = PBXBuildFile; fileRef = D0AB5FCE1609004C006E24E3 /* 179-notepad.png */; };
		D0AB5FD1160909D1006E24E3 /* 40-inbox.png in Resources */ = {isa = PBXBuildFile; fileRef = D0AB5FD0160909D1006E24E3 /* 40-inbox.png */; };
		D0AB5FD416090EA8006E24E3 /* EinstellungenStaticTableViewController.m in Sources */ = {isa = PBXBuildFile; fileRef = D0AB5FD316090EA8006E24E3 /* EinstellungenStaticTableViewController.m */; };
/* End PBXBuildFile section */

/* Begin PBXFileReference section */
		D012D6CF15FFCE9C001FF130 /* AblesenStrGaWa.app */ = {isa = PBXFileReference; explicitFileType = wrapper.application; includeInIndex = 0; path = AblesenStrGaWa.app; sourceTree = BUILT_PRODUCTS_DIR; };
		D012D6D315FFCE9C001FF130 /* UIKit.framework */ = {isa = PBXFileReference; lastKnownFileType = wrapper.framework; name = UIKit.framework; path = System/Library/Frameworks/UIKit.framework; sourceTree = SDKROOT; };
		D012D6D515FFCE9C001FF130 /* Foundation.framework */ = {isa = PBXFileReference; lastKnownFileType = wrapper.framework; name = Foundation.framework; path = System/Library/Frameworks/Foundation.framework; sourceTree = SDKROOT; };
		D012D6D715FFCE9C001FF130 /* CoreGraphics.framework */ = {isa = PBXFileReference; lastKnownFileType = wrapper.framework; name = CoreGraphics.framework; path = System/Library/Frameworks/CoreGraphics.framework; sourceTree = SDKROOT; };
		D012D6DB15FFCE9C001FF130 /* AblesenStrGaWa-Info.plist */ = {isa = PBXFileReference; lastKnownFileType = text.plist.xml; path = "AblesenStrGaWa-Info.plist"; sourceTree = "<group>"; };
		D012D6DD15FFCE9C001FF130 /* en */ = {isa = PBXFileReference; lastKnownFileType = text.plist.strings; name = en; path = en.lproj/InfoPlist.strings; sourceTree = "<group>"; };
		D012D6DF15FFCE9C001FF130 /* main.m */ = {isa = PBXFileReference; lastKnownFileType = sourcecode.c.objc; path = main.m; sourceTree = "<group>"; };
		D012D6E115FFCE9C001FF130 /* AblesenStrGaWa-Prefix.pch */ = {isa = PBXFileReference; lastKnownFileType = sourcecode.c.h; path = "AblesenStrGaWa-Prefix.pch"; sourceTree = "<group>"; };
		D012D6E215FFCE9C001FF130 /* AppDelegate.h */ = {isa = PBXFileReference; lastKnownFileType = sourcecode.c.h; path = AppDelegate.h; sourceTree = "<group>"; };
		D012D6E315FFCE9C001FF130 /* AppDelegate.m */ = {isa = PBXFileReference; lastKnownFileType = sourcecode.c.objc; path = AppDelegate.m; sourceTree = "<group>"; };
		D012D6EA15FFCEC4001FF130 /* AblesenWerteTableViewController.h */ = {isa = PBXFileReference; lastKnownFileType = sourcecode.c.h; path = AblesenWerteTableViewController.h; sourceTree = "<group>"; };
		D012D6EB15FFCEC4001FF130 /* AblesenWerteTableViewController.m */ = {isa = PBXFileReference; lastKnownFileType = sourcecode.c.objc; path = AblesenWerteTableViewController.m; sourceTree = "<group>"; };
		D012D6EC15FFCEC4001FF130 /* Constants.h */ = {isa = PBXFileReference; lastKnownFileType = sourcecode.c.h; path = Constants.h; sourceTree = "<group>"; };
		D012D6ED15FFCEC4001FF130 /* Constants.m */ = {isa = PBXFileReference; lastKnownFileType = sourcecode.c.objc; path = Constants.m; sourceTree = "<group>"; };
		D012D6EE15FFCEC4001FF130 /* JSMBadgeLabel.h */ = {isa = PBXFileReference; lastKnownFileType = sourcecode.c.h; path = JSMBadgeLabel.h; sourceTree = "<group>"; };
		D012D6EF15FFCEC4001FF130 /* JSMBadgeLabel.m */ = {isa = PBXFileReference; lastKnownFileType = sourcecode.c.objc; path = JSMBadgeLabel.m; sourceTree = "<group>"; };
		D012D6F015FFCEC4001FF130 /* JSMBlockActionSheet.h */ = {isa = PBXFileReference; lastKnownFileType = sourcecode.c.h; path = JSMBlockActionSheet.h; sourceTree = "<group>"; };
		D012D6F115FFCEC4001FF130 /* JSMBlockActionSheet.m */ = {isa = PBXFileReference; lastKnownFileType = sourcecode.c.objc; path = JSMBlockActionSheet.m; sourceTree = "<group>"; };
		D012D6F215FFCEC4001FF130 /* JSMBlockAlertView.h */ = {isa = PBXFileReference; lastKnownFileType = sourcecode.c.h; path = JSMBlockAlertView.h; sourceTree = "<group>"; };
		D012D6F315FFCEC4001FF130 /* JSMBlockAlertView.m */ = {isa = PBXFileReference; lastKnownFileType = sourcecode.c.objc; path = JSMBlockAlertView.m; sourceTree = "<group>"; };
		D012D6F415FFCEC4001FF130 /* JSMCoreDataHelper.h */ = {isa = PBXFileReference; lastKnownFileType = sourcecode.c.h; path = JSMCoreDataHelper.h; sourceTree = "<group>"; };
		D012D6F515FFCEC4001FF130 /* JSMCoreDataHelper.m */ = {isa = PBXFileReference; lastKnownFileType = sourcecode.c.objc; path = JSMCoreDataHelper.m; sourceTree = "<group>"; };
		D012D6F615FFCEC4001FF130 /* JSMTableViewController.h */ = {isa = PBXFileReference; lastKnownFileType = sourcecode.c.h; path = JSMTableViewController.h; sourceTree = "<group>"; };
		D012D6F715FFCEC4001FF130 /* JSMTableViewController.m */ = {isa = PBXFileReference; lastKnownFileType = sourcecode.c.objc; path = JSMTableViewController.m; sourceTree = "<group>"; };
		D012D6F815FFCEC4001FF130 /* JSMToolbox.h */ = {isa = PBXFileReference; lastKnownFileType = sourcecode.c.h; path = JSMToolbox.h; sourceTree = "<group>"; };
		D012D6F915FFCEC4001FF130 /* JSMToolbox.m */ = {isa = PBXFileReference; lastKnownFileType = sourcecode.c.objc; path = JSMToolbox.m; sourceTree = "<group>"; };
		D012D6FA15FFCEC4001FF130 /* Storyboard.storyboard */ = {isa = PBXFileReference; lastKnownFileType = file.storyboard; path = Storyboard.storyboard; sourceTree = "<group>"; };
		D012D6FE15FFCEC4001FF130 /* Werte.xcdatamodel */ = {isa = PBXFileReference; lastKnownFileType = wrapper.xcdatamodel; path = Werte.xcdatamodel; sourceTree = "<group>"; };
		D012D71915FFD1A1001FF130 /* CoreData.framework */ = {isa = PBXFileReference; lastKnownFileType = wrapper.framework; name = CoreData.framework; path = System/Library/Frameworks/CoreData.framework; sourceTree = SDKROOT; };
		D012D71C15FFD1B5001FF130 /* QuartzCore.framework */ = {isa = PBXFileReference; lastKnownFileType = wrapper.framework; name = QuartzCore.framework; path = System/Library/Frameworks/QuartzCore.framework; sourceTree = SDKROOT; };
		D0887029160116C100011AC7 /* Werte.h */ = {isa = PBXFileReference; fileEncoding = 4; lastKnownFileType = sourcecode.c.h; path = Werte.h; sourceTree = "<group>"; };
		D088702A160116C100011AC7 /* Werte.m */ = {isa = PBXFileReference; fileEncoding = 4; lastKnownFileType = sourcecode.c.objc; path = Werte.m; sourceTree = "<group>"; };
		D09BCB6F1607B600002520A8 /* AblesenWerteStaticTableViewController.h */ = {isa = PBXFileReference; fileEncoding = 4; lastKnownFileType = sourcecode.c.h; path = AblesenWerteStaticTableViewController.h; sourceTree = "<group>"; };
		D09BCB701607B600002520A8 /* AblesenWerteStaticTableViewController.m */ = {isa = PBXFileReference; fileEncoding = 4; lastKnownFileType = sourcecode.c.objc; path = AblesenWerteStaticTableViewController.m; sourceTree = "<group>"; };
		D0A203B4160A6057009FF687 /* Settings.bundle */ = {isa = PBXFileReference; lastKnownFileType = "wrapper.plug-in"; path = Settings.bundle; sourceTree = "<group>"; };
		D0AB5FCA1608FF48006E24E3 /* 19-gear.png */ = {isa = PBXFileReference; lastKnownFileType = image.png; path = "19-gear.png"; sourceTree = "<group>"; };
		D0AB5FCE1609004C006E24E3 /* 179-notepad.png */ = {isa = PBXFileReference; lastKnownFileType = image.png; path = "179-notepad.png"; sourceTree = "<group>"; };
		D0AB5FD0160909D1006E24E3 /* 40-inbox.png */ = {isa = PBXFileReference; lastKnownFileType = image.png; path = "40-inbox.png"; sourceTree = "<group>"; };
		D0AB5FD216090EA8006E24E3 /* EinstellungenStaticTableViewController.h */ = {isa = PBXFileReference; fileEncoding = 4; lastKnownFileType = sourcecode.c.h; path = EinstellungenStaticTableViewController.h; sourceTree = "<group>"; };
		D0AB5FD316090EA8006E24E3 /* EinstellungenStaticTableViewController.m */ = {isa = PBXFileReference; fileEncoding = 4; lastKnownFileType = sourcecode.c.objc; path = EinstellungenStaticTableViewController.m; sourceTree = "<group>"; };
/* End PBXFileReference section */

/* Begin PBXFrameworksBuildPhase section */
		D012D6CC15FFCE9C001FF130 /* Frameworks */ = {
			isa = PBXFrameworksBuildPhase;
			buildActionMask = 2147483647;
			files = (
				D012D71D15FFD1B5001FF130 /* QuartzCore.framework in Frameworks */,
				D012D71A15FFD1A1001FF130 /* CoreData.framework in Frameworks */,
				D012D6D415FFCE9C001FF130 /* UIKit.framework in Frameworks */,
				D012D6D615FFCE9C001FF130 /* Foundation.framework in Frameworks */,
				D012D6D815FFCE9C001FF130 /* CoreGraphics.framework in Frameworks */,
			);
			runOnlyForDeploymentPostprocessing = 0;
		};
/* End PBXFrameworksBuildPhase section */

/* Begin PBXGroup section */
		D012D6C415FFCE9C001FF130 = {
			isa = PBXGroup;
			children = (
				D012D6D915FFCE9C001FF130 /* AblesenStrGaWa */,
				D0AB5FC91608FED7006E24E3 /* Icons */,
				D012D6D215FFCE9C001FF130 /* Frameworks */,
				D012D6D015FFCE9C001FF130 /* Products */,
			);
			sourceTree = "<group>";
		};
		D012D6D015FFCE9C001FF130 /* Products */ = {
			isa = PBXGroup;
			children = (
				D012D6CF15FFCE9C001FF130 /* AblesenStrGaWa.app */,
			);
			name = Products;
			sourceTree = "<group>";
		};
		D012D6D215FFCE9C001FF130 /* Frameworks */ = {
			isa = PBXGroup;
			children = (
				D012D71915FFD1A1001FF130 /* CoreData.framework */,
				D012D71C15FFD1B5001FF130 /* QuartzCore.framework */,
				D012D6D315FFCE9C001FF130 /* UIKit.framework */,
				D012D6D515FFCE9C001FF130 /* Foundation.framework */,
				D012D6D715FFCE9C001FF130 /* CoreGraphics.framework */,
			);
			name = Frameworks;
			sourceTree = "<group>";
		};
		D012D6D915FFCE9C001FF130 /* AblesenStrGaWa */ = {
			isa = PBXGroup;
			children = (
				D012D6E215FFCE9C001FF130 /* AppDelegate.h */,
				D012D6E315FFCE9C001FF130 /* AppDelegate.m */,
				D012D72215FFD3B7001FF130 /* AblesenWerte */,
				D0AB5FD516090EAD006E24E3 /* Einstellungen */,
				D012D72115FFD3A5001FF130 /* Constants */,
				D012D72015FFD38C001FF130 /* JSMToolbox */,
				D012D72315FFD3C7001FF130 /* Storyboard */,
				D012D72415FFD3DC001FF130 /* AblesenDataModel */,
				D012D6DA15FFCE9C001FF130 /* Supporting Files */,
			);
			path = AblesenStrGaWa;
			sourceTree = "<group>";
		};
		D012D6DA15FFCE9C001FF130 /* Supporting Files */ = {
			isa = PBXGroup;
			children = (
				D012D6DB15FFCE9C001FF130 /* AblesenStrGaWa-Info.plist */,
				D012D6DC15FFCE9C001FF130 /* InfoPlist.strings */,
				D012D6DF15FFCE9C001FF130 /* main.m */,
				D012D6E115FFCE9C001FF130 /* AblesenStrGaWa-Prefix.pch */,
				D0A203B4160A6057009FF687 /* Settings.bundle */,
			);
			name = "Supporting Files";
			sourceTree = "<group>";
		};
		D012D72015FFD38C001FF130 /* JSMToolbox */ = {
			isa = PBXGroup;
			children = (
				D012D6F815FFCEC4001FF130 /* JSMToolbox.h */,
				D012D6F915FFCEC4001FF130 /* JSMToolbox.m */,
				D012D6EE15FFCEC4001FF130 /* JSMBadgeLabel.h */,
				D012D6EF15FFCEC4001FF130 /* JSMBadgeLabel.m */,
				D012D6F015FFCEC4001FF130 /* JSMBlockActionSheet.h */,
				D012D6F115FFCEC4001FF130 /* JSMBlockActionSheet.m */,
				D012D6F215FFCEC4001FF130 /* JSMBlockAlertView.h */,
				D012D6F315FFCEC4001FF130 /* JSMBlockAlertView.m */,
				D012D6F415FFCEC4001FF130 /* JSMCoreDataHelper.h */,
				D012D6F515FFCEC4001FF130 /* JSMCoreDataHelper.m */,
				D012D6F615FFCEC4001FF130 /* JSMTableViewController.h */,
				D012D6F715FFCEC4001FF130 /* JSMTableViewController.m */,
			);
			name = JSMToolbox;
			sourceTree = "<group>";
		};
		D012D72115FFD3A5001FF130 /* Constants */ = {
			isa = PBXGroup;
			children = (
				D012D6EC15FFCEC4001FF130 /* Constants.h */,
				D012D6ED15FFCEC4001FF130 /* Constants.m */,
			);
			name = Constants;
			sourceTree = "<group>";
		};
		D012D72215FFD3B7001FF130 /* AblesenWerte */ = {
			isa = PBXGroup;
			children = (
				D012D6EA15FFCEC4001FF130 /* AblesenWerteTableViewController.h */,
				D012D6EB15FFCEC4001FF130 /* AblesenWerteTableViewController.m */,
				D09BCB6F1607B600002520A8 /* AblesenWerteStaticTableViewController.h */,
				D09BCB701607B600002520A8 /* AblesenWerteStaticTableViewController.m */,
			);
			name = AblesenWerte;
			sourceTree = "<group>";
		};
		D012D72315FFD3C7001FF130 /* Storyboard */ = {
			isa = PBXGroup;
			children = (
				D012D6FA15FFCEC4001FF130 /* Storyboard.storyboard */,
			);
			name = Storyboard;
			sourceTree = "<group>";
		};
		D012D72415FFD3DC001FF130 /* AblesenDataModel */ = {
			isa = PBXGroup;
			children = (
				D0887029160116C100011AC7 /* Werte.h */,
				D088702A160116C100011AC7 /* Werte.m */,
				D012D6FD15FFCEC4001FF130 /* Werte.xcdatamodeld */,
			);
			name = AblesenDataModel;
			sourceTree = "<group>";
		};
		D0AB5FC91608FED7006E24E3 /* Icons */ = {
			isa = PBXGroup;
			children = (
				D0AB5FD0160909D1006E24E3 /* 40-inbox.png */,
				D0AB5FCA1608FF48006E24E3 /* 19-gear.png */,
				D0AB5FCE1609004C006E24E3 /* 179-notepad.png */,
			);
			name = Icons;
			path = AblesenStrGaWa;
			sourceTree = "<group>";
		};
		D0AB5FD516090EAD006E24E3 /* Einstellungen */ = {
			isa = PBXGroup;
			children = (
				D0AB5FD216090EA8006E24E3 /* EinstellungenStaticTableViewController.h */,
				D0AB5FD316090EA8006E24E3 /* EinstellungenStaticTableViewController.m */,
			);
			name = Einstellungen;
			sourceTree = "<group>";
		};
/* End PBXGroup section */

/* Begin PBXNativeTarget section */
		D012D6CE15FFCE9C001FF130 /* AblesenStrGaWa */ = {
			isa = PBXNativeTarget;
			buildConfigurationList = D012D6E715FFCE9C001FF130 /* Build configuration list for PBXNativeTarget "AblesenStrGaWa" */;
			buildPhases = (
				D012D6CB15FFCE9C001FF130 /* Sources */,
				D012D6CC15FFCE9C001FF130 /* Frameworks */,
				D012D6CD15FFCE9C001FF130 /* Resources */,
			);
			buildRules = (
			);
			dependencies = (
			);
			name = AblesenStrGaWa;
			productName = AblesenStrGaWa;
			productReference = D012D6CF15FFCE9C001FF130 /* AblesenStrGaWa.app */;
			productType = "com.apple.product-type.application";
		};
/* End PBXNativeTarget section */

/* Begin PBXProject section */
		D012D6C615FFCE9C001FF130 /* Project object */ = {
			isa = PBXProject;
			attributes = {
				LastUpgradeCheck = 0440;
				ORGANIZATIONNAME = "Peter Wiest";
			};
			buildConfigurationList = D012D6C915FFCE9C001FF130 /* Build configuration list for PBXProject "AblesenStrGaWa" */;
			compatibilityVersion = "Xcode 3.2";
			developmentRegion = English;
			hasScannedForEncodings = 0;
			knownRegions = (
				en,
			);
			mainGroup = D012D6C415FFCE9C001FF130;
			productRefGroup = D012D6D015FFCE9C001FF130 /* Products */;
			projectDirPath = "";
			projectRoot = "";
			targets = (
				D012D6CE15FFCE9C001FF130 /* AblesenStrGaWa */,
			);
		};
/* End PBXProject section */

/* Begin PBXResourcesBuildPhase section */
		D012D6CD15FFCE9C001FF130 /* Resources */ = {
			isa = PBXResourcesBuildPhase;
			buildActionMask = 2147483647;
			files = (
				D012D71E15FFD1D7001FF130 /* Storyboard.storyboard in Resources */,
				D012D6DE15FFCE9C001FF130 /* InfoPlist.strings in Resources */,
				D0AB5FCB1608FF48006E24E3 /* 19-gear.png in Resources */,
				D0AB5FCF1609004C006E24E3 /* 179-notepad.png in Resources */,
				D0AB5FD1160909D1006E24E3 /* 40-inbox.png in Resources */,
				D0A203B5160A6057009FF687 /* Settings.bundle in Resources */,
			);
			runOnlyForDeploymentPostprocessing = 0;
		};
/* End PBXResourcesBuildPhase section */

/* Begin PBXSourcesBuildPhase section */
		D012D6CB15FFCE9C001FF130 /* Sources */ = {
			isa = PBXSourcesBuildPhase;
			buildActionMask = 2147483647;
			files = (
				D012D6E015FFCE9C001FF130 /* main.m in Sources */,
				D012D6E415FFCE9C001FF130 /* AppDelegate.m in Sources */,
				D012D70115FFD041001FF130 /* JSMBadgeLabel.m in Sources */,
				D012D70215FFD04E001FF130 /* JSMBlockActionSheet.m in Sources */,
				D012D70315FFD053001FF130 /* JSMBlockAlertView.m in Sources */,
				D012D70415FFD058001FF130 /* JSMCoreDataHelper.m in Sources */,
				D012D70015FFD03B001FF130 /* Constants.m in Sources */,
				D012D70615FFD06C001FF130 /* JSMToolbox.m in Sources */,
				D012D70515FFD05D001FF130 /* JSMTableViewController.m in Sources */,
				D012D71415FFD107001FF130 /* Werte.xcdatamodeld in Sources */,
				D012D6FF15FFD031001FF130 /* AblesenWerteTableViewController.m in Sources */,
				D088702B160116C100011AC7 /* Werte.m in Sources */,
				D09BCB711607B600002520A8 /* AblesenWerteStaticTableViewController.m in Sources */,
				D0AB5FD416090EA8006E24E3 /* EinstellungenStaticTableViewController.m in Sources */,
			);
			runOnlyForDeploymentPostprocessing = 0;
		};
/* End PBXSourcesBuildPhase section */

/* Begin PBXVariantGroup section */
		D012D6DC15FFCE9C001FF130 /* InfoPlist.strings */ = {
			isa = PBXVariantGroup;
			children = (
				D012D6DD15FFCE9C001FF130 /* en */,
			);
			name = InfoPlist.strings;
			sourceTree = "<group>";
		};
/* End PBXVariantGroup section */

/* Begin XCBuildConfiguration section */
		D012D6E515FFCE9C001FF130 /* Debug */ = {
			isa = XCBuildConfiguration;
			buildSettings = {
				ALWAYS_SEARCH_USER_PATHS = NO;
				ARCHS = "$(ARCHS_STANDARD_32_BIT)";
				CLANG_CXX_LANGUAGE_STANDARD = "gnu++0x";
				CLANG_ENABLE_OBJC_ARC = YES;
				CLANG_WARN__DUPLICATE_METHOD_MATCH = YES;
				"CODE_SIGN_IDENTITY[sdk=iphoneos*]" = "iPhone Developer";
				COPY_PHASE_STRIP = NO;
				GCC_C_LANGUAGE_STANDARD = gnu99;
				GCC_DYNAMIC_NO_PIC = NO;
				GCC_OPTIMIZATION_LEVEL = 0;
				GCC_PREPROCESSOR_DEFINITIONS = (
					"DEBUG=1",
					"$(inherited)",
				);
				GCC_SYMBOLS_PRIVATE_EXTERN = NO;
				GCC_VERSION = com.apple.compilers.llvm.clang.1_0;
				GCC_WARN_ABOUT_RETURN_TYPE = YES;
				GCC_WARN_UNINITIALIZED_AUTOS = YES;
				GCC_WARN_UNUSED_VARIABLE = YES;
				IPHONEOS_DEPLOYMENT_TARGET = 5.1;
				SDKROOT = iphoneos;
			};
			name = Debug;
		};
		D012D6E615FFCE9C001FF130 /* Release */ = {
			isa = XCBuildConfiguration;
			buildSettings = {
				ALWAYS_SEARCH_USER_PATHS = NO;
				ARCHS = "$(ARCHS_STANDARD_32_BIT)";
				CLANG_CXX_LANGUAGE_STANDARD = "gnu++0x";
				CLANG_ENABLE_OBJC_ARC = YES;
				CLANG_WARN__DUPLICATE_METHOD_MATCH = YES;
				"CODE_SIGN_IDENTITY[sdk=iphoneos*]" = "iPhone Developer";
				COPY_PHASE_STRIP = YES;
				GCC_C_LANGUAGE_STANDARD = gnu99;
				GCC_VERSION = com.apple.compilers.llvm.clang.1_0;
				GCC_WARN_ABOUT_RETURN_TYPE = YES;
				GCC_WARN_UNINITIALIZED_AUTOS = YES;
				GCC_WARN_UNUSED_VARIABLE = YES;
				IPHONEOS_DEPLOYMENT_TARGET = 5.1;
				OTHER_CFLAGS = "-DNS_BLOCK_ASSERTIONS=1";
				SDKROOT = iphoneos;
				VALIDATE_PRODUCT = YES;
			};
			name = Release;
		};
		D012D6E815FFCE9C001FF130 /* Debug */ = {
			isa = XCBuildConfiguration;
			buildSettings = {
				GCC_PRECOMPILE_PREFIX_HEADER = YES;
				GCC_PREFIX_HEADER = "AblesenStrGaWa/AblesenStrGaWa-Prefix.pch";
				INFOPLIST_FILE = "AblesenStrGaWa/AblesenStrGaWa-Info.plist";
				PRODUCT_NAME = "$(TARGET_NAME)";
				WRAPPER_EXTENSION = app;
			};
			name = Debug;
		};
		D012D6E915FFCE9C001FF130 /* Release */ = {
			isa = XCBuildConfiguration;
			buildSettings = {
				GCC_PRECOMPILE_PREFIX_HEADER = YES;
				GCC_PREFIX_HEADER = "AblesenStrGaWa/AblesenStrGaWa-Prefix.pch";
				INFOPLIST_FILE = "AblesenStrGaWa/AblesenStrGaWa-Info.plist";
				PRODUCT_NAME = "$(TARGET_NAME)";
				WRAPPER_EXTENSION = app;
			};
			name = Release;
		};
/* End XCBuildConfiguration section */

/* Begin XCConfigurationList section */
		D012D6C915FFCE9C001FF130 /* Build configuration list for PBXProject "AblesenStrGaWa" */ = {
			isa = XCConfigurationList;
			buildConfigurations = (
				D012D6E515FFCE9C001FF130 /* Debug */,
				D012D6E615FFCE9C001FF130 /* Release */,
			);
			defaultConfigurationIsVisible = 0;
			defaultConfigurationName = Release;
		};
		D012D6E715FFCE9C001FF130 /* Build configuration list for PBXNativeTarget "AblesenStrGaWa" */ = {
			isa = XCConfigurationList;
			buildConfigurations = (
				D012D6E815FFCE9C001FF130 /* Debug */,
				D012D6E915FFCE9C001FF130 /* Release */,
			);
			defaultConfigurationIsVisible = 0;
			defaultConfigurationName = Release;
		};
/* End XCConfigurationList section */

/* Begin XCVersionGroup section */
		D012D6FD15FFCEC4001FF130 /* Werte.xcdatamodeld */ = {
			isa = XCVersionGroup;
			children = (
				D012D6FE15FFCEC4001FF130 /* Werte.xcdatamodel */,
			);
			currentVersion = D012D6FE15FFCEC4001FF130 /* Werte.xcdatamodel */;
			path = Werte.xcdatamodeld;
			sourceTree = "<group>";
			versionGroupType = wrapper.xcdatamodel;
		};
/* End XCVersionGroup section */
	};
	rootObject = D012D6C615FFCE9C001FF130 /* Project object */;
}
